
Microsoft Visual Studio Solution File, Format Version 12.00
# Visual Studio 14
VisualStudioVersion = 14.0.23107.0
MinimumVisualStudioVersion = 10.0.40219.1
Project("{FAE04EC0-301F-11D3-BF4B-00C04F79EFBC}") = "Sha256_Hash_File_IO", "Sha256_Hash_File_IO\Sha256_Hash_File_IO.csproj", "{29EC0C8D-315A-4F54-BDD8-A236D32B1886}"
EndProject
Global
	GlobalSection(SolutionConfigurationPlatforms) = preSolution
		Debug|Any CPU = Debug|Any CPU
		Release|Any CPU = Release|Any CPU
	EndGlobalSection
	GlobalSection(ProjectConfigurationPlatforms) = postSolution
		{29EC0C8D-315A-4F54-BDD8-A236D32B1886}.Debug|Any CPU.ActiveCfg = Debug|Any CPU
		{29EC0C8D-315A-4F54-BDD8-A236D32B1886}.Debug|Any CPU.Build.0 = Debug|Any CPU
		{29EC0C8D-315A-4F54-BDD8-A236D32B1886}.Release|Any CPU.ActiveCfg = Release|Any CPU
		{29EC0C8D-315A-4F54-BDD8-A236D32B1886}.Release|Any CPU.Build.0 = Release|Any CPU
	EndGlobalSection
	GlobalSection(SolutionProperties) = preSolution
		HideSolutionNode = FALSE
	EndGlobalSection
EndGlobal
